
Microsoft Visual Studio Solution File, Format Version 12.00
# Visual Studio 2013
VisualStudioVersion = 12.0.31101.0
MinimumVisualStudioVersion = 10.0.40219.1
Project("{FAE04EC0-301F-11D3-BF4B-00C04F79EFBC}") = "CarServiceViewer", "CarServiceViewer.csproj", "{6ED509E1-C916-4B93-BAB0-3B9B7A1E8580}"
EndProject
Project("{2150E333-8FDC-42A3-9474-1A3956D46DE8}") = "Ex", "Ex", "{96B1C959-ED7B-4824-B786-948F30490BAA}"
EndProject
Project("{2150E333-8FDC-42A3-9474-1A3956D46DE8}") = "Models", "Models", "{552B1A75-665E-45E3-823A-6DC769DF7764}"
EndProject
Project("{FAE04EC0-301F-11D3-BF4B-00C04F79EFBC}") = "DTCDev.Models", "..\Models\DTCDev.Models\DTCDev.Models.csproj", "{DDD0AB63-FAF8-4A78-9369-2481E912E641}"
EndProject
Project("{FAE04EC0-301F-11D3-BF4B-00C04F79EFBC}") = "DTCDev.Models.CarBase", "..\Models\DTCDev.Models.CarBase\DTCDev.Models.CarBase.csproj", "{C6A37DEA-E583-41EB-8D92-4C6E97C4B74E}"
EndProject
Project("{FAE04EC0-301F-11D3-BF4B-00C04F79EFBC}") = "DTCDev.Models.CarsSending", "..\Models\DTCDev.Models.CarsSending\DTCDev.Models.CarsSending.csproj", "{17D29BC2-3BDE-4104-A96B-DB91C1DFA5E7}"
EndProject
Project("{FAE04EC0-301F-11D3-BF4B-00C04F79EFBC}") = "DTCDev.Client", "..\Engine\DTCDev.Client\DTCDev.Client.csproj", "{5B1AB74D-D7B5-4D1F-B4F8-D43DFECFC0CD}"
EndProject
Project("{FAE04EC0-301F-11D3-BF4B-00C04F79EFBC}") = "DTCDev.Client.ViewModel", "..\Engine\DTCDev.Client.ViewModel\DTCDev.Client.ViewModel.csproj", "{76C18809-1B91-41EE-901B-36DB43E59FB1}"
EndProject
Project("{FAE04EC0-301F-11D3-BF4B-00C04F79EFBC}") = "De.TorstenMandelkow.MetroChart.WPF", "..\Engine\De.TorstenMandelkow.MetroChart.WPF\De.TorstenMandelkow.MetroChart.WPF.csproj", "{4AB4B0DB-780C-48B9-A642-8E527353D957}"
EndProject
Project("{FAE04EC0-301F-11D3-BF4B-00C04F79EFBC}") = "DTCDev.Client.Cars.Service", "..\Engine\DTCDev.Client.Cars.Service\DTCDev.Client.Cars.Service.csproj", "{3078558C-4936-428A-BA1E-EECF68469DC1}"
EndProject
Project("{FAE04EC0-301F-11D3-BF4B-00C04F79EFBC}") = "DTCDev.Client.Cars.Service.Engine", "..\Engine\DTCDev.Client.Cars.Service.Engine\DTCDev.Client.Cars.Service.Engine.csproj", "{6FB4E0F7-81EF-435C-B562-1261FEF6F201}"
EndProject
Project("{FAE04EC0-301F-11D3-BF4B-00C04F79EFBC}") = "DTCDev.Client.Help", "..\Engine\DTCDev.Client.Help\DTCDev.Client.Help.csproj", "{CB3B751C-A41C-47D2-AECC-BADCD375CFD6}"
EndProject
Project("{FAE04EC0-301F-11D3-BF4B-00C04F79EFBC}") = "DTCDev", "..\Engine\DTCDev\DTCDev.csproj", "{D839AA11-C210-446B-A41A-65C6020C4A33}"
EndProject
Project("{FAE04EC0-301F-11D3-BF4B-00C04F79EFBC}") = "DTCDev.Client.Window", "..\Engine\DTCDev.Client.Window\DTCDev.Client.Window.csproj", "{D416393C-1DAD-484C-80A7-3CD25054B434}"
EndProject
Project("{FAE04EC0-301F-11D3-BF4B-00C04F79EFBC}") = "DTCDev.Models.Service", "..\Models\DTCDev.Models.Service\DTCDev.Models.Service.csproj", "{2B9978DB-B59C-4CA6-B4E4-329DC1F30926}"
EndProject
Global
	GlobalSection(SolutionConfigurationPlatforms) = preSolution
		Debug|Any CPU = Debug|Any CPU
		Release|Any CPU = Release|Any CPU
	EndGlobalSection
	GlobalSection(ProjectConfigurationPlatforms) = postSolution
		{6ED509E1-C916-4B93-BAB0-3B9B7A1E8580}.Debug|Any CPU.ActiveCfg = Debug|Any CPU
		{6ED509E1-C916-4B93-BAB0-3B9B7A1E8580}.Debug|Any CPU.Build.0 = Debug|Any CPU
		{6ED509E1-C916-4B93-BAB0-3B9B7A1E8580}.Release|Any CPU.ActiveCfg = Release|Any CPU
		{6ED509E1-C916-4B93-BAB0-3B9B7A1E8580}.Release|Any CPU.Build.0 = Release|Any CPU
		{DDD0AB63-FAF8-4A78-9369-2481E912E641}.Debug|Any CPU.ActiveCfg = Debug|Any CPU
		{DDD0AB63-FAF8-4A78-9369-2481E912E641}.Debug|Any CPU.Build.0 = Debug|Any CPU
		{DDD0AB63-FAF8-4A78-9369-2481E912E641}.Release|Any CPU.ActiveCfg = Release|Any CPU
		{DDD0AB63-FAF8-4A78-9369-2481E912E641}.Release|Any CPU.Build.0 = Release|Any CPU
		{C6A37DEA-E583-41EB-8D92-4C6E97C4B74E}.Debug|Any CPU.ActiveCfg = Debug|Any CPU
		{C6A37DEA-E583-41EB-8D92-4C6E97C4B74E}.Debug|Any CPU.Build.0 = Debug|Any CPU
		{C6A37DEA-E583-41EB-8D92-4C6E97C4B74E}.Release|Any CPU.ActiveCfg = Release|Any CPU
		{C6A37DEA-E583-41EB-8D92-4C6E97C4B74E}.Release|Any CPU.Build.0 = Release|Any CPU
		{17D29BC2-3BDE-4104-A96B-DB91C1DFA5E7}.Debug|Any CPU.ActiveCfg = Debug|Any CPU
		{17D29BC2-3BDE-4104-A96B-DB91C1DFA5E7}.Debug|Any CPU.Build.0 = Debug|Any CPU
		{17D29BC2-3BDE-4104-A96B-DB91C1DFA5E7}.Release|Any CPU.ActiveCfg = Release|Any CPU
		{17D29BC2-3BDE-4104-A96B-DB91C1DFA5E7}.Release|Any CPU.Build.0 = Release|Any CPU
		{5B1AB74D-D7B5-4D1F-B4F8-D43DFECFC0CD}.Debug|Any CPU.ActiveCfg = Debug|Any CPU
		{5B1AB74D-D7B5-4D1F-B4F8-D43DFECFC0CD}.Debug|Any CPU.Build.0 = Debug|Any CPU
		{5B1AB74D-D7B5-4D1F-B4F8-D43DFECFC0CD}.Release|Any CPU.ActiveCfg = Release|Any CPU
		{5B1AB74D-D7B5-4D1F-B4F8-D43DFECFC0CD}.Release|Any CPU.Build.0 = Release|Any CPU
		{76C18809-1B91-41EE-901B-36DB43E59FB1}.Debug|Any CPU.ActiveCfg = Debug|Any CPU
		{76C18809-1B91-41EE-901B-36DB43E59FB1}.Debug|Any CPU.Build.0 = Debug|Any CPU
		{76C18809-1B91-41EE-901B-36DB43E59FB1}.Release|Any CPU.ActiveCfg = Release|Any CPU
		{76C18809-1B91-41EE-901B-36DB43E59FB1}.Release|Any CPU.Build.0 = Release|Any CPU
		{4AB4B0DB-780C-48B9-A642-8E527353D957}.Debug|Any CPU.ActiveCfg = Debug|Any CPU
		{4AB4B0DB-780C-48B9-A642-8E527353D957}.Debug|Any CPU.Build.0 = Debug|Any CPU
		{4AB4B0DB-780C-48B9-A642-8E527353D957}.Release|Any CPU.ActiveCfg = Release|Any CPU
		{4AB4B0DB-780C-48B9-A642-8E527353D957}.Release|Any CPU.Build.0 = Release|Any CPU
		{3078558C-4936-428A-BA1E-EECF68469DC1}.Debug|Any CPU.ActiveCfg = Debug|Any CPU
		{3078558C-4936-428A-BA1E-EECF68469DC1}.Debug|Any CPU.Build.0 = Debug|Any CPU
		{3078558C-4936-428A-BA1E-EECF68469DC1}.Release|Any CPU.ActiveCfg = Release|Any CPU
		{3078558C-4936-428A-BA1E-EECF68469DC1}.Release|Any CPU.Build.0 = Release|Any CPU
		{6FB4E0F7-81EF-435C-B562-1261FEF6F201}.Debug|Any CPU.ActiveCfg = Debug|Any CPU
		{6FB4E0F7-81EF-435C-B562-1261FEF6F201}.Debug|Any CPU.Build.0 = Debug|Any CPU
		{6FB4E0F7-81EF-435C-B562-1261FEF6F201}.Release|Any CPU.ActiveCfg = Release|Any CPU
		{6FB4E0F7-81EF-435C-B562-1261FEF6F201}.Release|Any CPU.Build.0 = Release|Any CPU
		{CB3B751C-A41C-47D2-AECC-BADCD375CFD6}.Debug|Any CPU.ActiveCfg = Debug|Any CPU
		{CB3B751C-A41C-47D2-AECC-BADCD375CFD6}.Debug|Any CPU.Build.0 = Debug|Any CPU
		{CB3B751C-A41C-47D2-AECC-BADCD375CFD6}.Release|Any CPU.ActiveCfg = Release|Any CPU
		{CB3B751C-A41C-47D2-AECC-BADCD375CFD6}.Release|Any CPU.Build.0 = Release|Any CPU
		{D839AA11-C210-446B-A41A-65C6020C4A33}.Debug|Any CPU.ActiveCfg = Debug|Any CPU
		{D839AA11-C210-446B-A41A-65C6020C4A33}.Debug|Any CPU.Build.0 = Debug|Any CPU
		{D839AA11-C210-446B-A41A-65C6020C4A33}.Release|Any CPU.ActiveCfg = Release|Any CPU
		{D839AA11-C210-446B-A41A-65C6020C4A33}.Release|Any CPU.Build.0 = Release|Any CPU
		{D416393C-1DAD-484C-80A7-3CD25054B434}.Debug|Any CPU.ActiveCfg = Debug|Any CPU
		{D416393C-1DAD-484C-80A7-3CD25054B434}.Debug|Any CPU.Build.0 = Debug|Any CPU
		{D416393C-1DAD-484C-80A7-3CD25054B434}.Release|Any CPU.ActiveCfg = Release|Any CPU
		{D416393C-1DAD-484C-80A7-3CD25054B434}.Release|Any CPU.Build.0 = Release|Any CPU
		{2B9978DB-B59C-4CA6-B4E4-329DC1F30926}.Debug|Any CPU.ActiveCfg = Debug|Any CPU
		{2B9978DB-B59C-4CA6-B4E4-329DC1F30926}.Debug|Any CPU.Build.0 = Debug|Any CPU
		{2B9978DB-B59C-4CA6-B4E4-329DC1F30926}.Release|Any CPU.ActiveCfg = Release|Any CPU
		{2B9978DB-B59C-4CA6-B4E4-329DC1F30926}.Release|Any CPU.Build.0 = Release|Any CPU
	EndGlobalSection
	GlobalSection(SolutionProperties) = preSolution
		HideSolutionNode = FALSE
	EndGlobalSection
	GlobalSection(NestedProjects) = preSolution
		{DDD0AB63-FAF8-4A78-9369-2481E912E641} = {552B1A75-665E-45E3-823A-6DC769DF7764}
		{C6A37DEA-E583-41EB-8D92-4C6E97C4B74E} = {552B1A75-665E-45E3-823A-6DC769DF7764}
		{17D29BC2-3BDE-4104-A96B-DB91C1DFA5E7} = {552B1A75-665E-45E3-823A-6DC769DF7764}
		{5B1AB74D-D7B5-4D1F-B4F8-D43DFECFC0CD} = {96B1C959-ED7B-4824-B786-948F30490BAA}
		{76C18809-1B91-41EE-901B-36DB43E59FB1} = {96B1C959-ED7B-4824-B786-948F30490BAA}
		{4AB4B0DB-780C-48B9-A642-8E527353D957} = {96B1C959-ED7B-4824-B786-948F30490BAA}
		{3078558C-4936-428A-BA1E-EECF68469DC1} = {96B1C959-ED7B-4824-B786-948F30490BAA}
		{6FB4E0F7-81EF-435C-B562-1261FEF6F201} = {96B1C959-ED7B-4824-B786-948F30490BAA}
		{CB3B751C-A41C-47D2-AECC-BADCD375CFD6} = {96B1C959-ED7B-4824-B786-948F30490BAA}
		{D839AA11-C210-446B-A41A-65C6020C4A33} = {96B1C959-ED7B-4824-B786-948F30490BAA}
		{D416393C-1DAD-484C-80A7-3CD25054B434} = {96B1C959-ED7B-4824-B786-948F30490BAA}
		{2B9978DB-B59C-4CA6-B4E4-329DC1F30926} = {96B1C959-ED7B-4824-B786-948F30490BAA}
	EndGlobalSection
EndGlobal
